PODS:
  - OpenAPIClient (1.0.0)

DEPENDENCIES:
  - OpenAPIClient (from `./open-api-client`)

EXTERNAL SOURCES:
  OpenAPIClient:
    :path: "./open-api-client"

SPEC CHECKSUMS:
  OpenAPIClient: 9463e074f7c19fecf6c3f9c0e565dd58aab45aa5

PODFILE CHECKSUM: 668aa7ca0977956be19d400f8f8c05b0afc3f27e

COCOAPODS: 1.10.1
