PODS:
  - AppCenter (4.1.0):
    - AppCenter/Analytics (= 4.1.0)
    - AppCenter/Crashes (= 4.1.0)
  - AppCenter/Analytics (4.1.0):
    - AppCenter/Core
  - AppCenter/Core (4.1.0)
  - AppCenter/Crashes (4.1.0):
    - AppCenter/Core
  - OpenAPIClient (1)

DEPENDENCIES:
  - AppCenter
  - OpenAPIClient (from `./rag-api-client/`)

SPEC REPOS:
  trunk:
    - AppCenter

EXTERNAL SOURCES:
  OpenAPIClient:
    :path: "./rag-api-client/"

SPEC CHECKSUMS:
  AppCenter: 8832b158d17e54845c3b88a91076218f0b07174d
  OpenAPIClient: 1a6a9b44f3bcc553da7b450e7eff7f852d6b175b

PODFILE CHECKSUM: 467f1b24ec8a023509cdd26b71d48c5cd1b7fafa

COCOAPODS: 1.10.1
