// !$*UTF8*$!
{
	archiveVersion = 1;
	classes = {
	};
	objectVersion = 50;
	objects = {

/* Begin PBXBuildFile section */
		3245E197262D8B970081766C /* RAG_iOSApp.swift in Sources */ = {isa = PBXBuildFile; fileRef = 3245E196262D8B970081766C /* RAG_iOSApp.swift */; };
		3245E199262D8B970081766C /* EventView.swift in Sources */ = {isa = PBXBuildFile; fileRef = 3245E198262D8B970081766C /* EventView.swift */; };
		3245E19B262D8B9A0081766C /* Assets.xcassets in Resources */ = {isa = PBXBuildFile; fileRef = 3245E19A262D8B9A0081766C /* Assets.xcassets */; };
		3245E19E262D8B9A0081766C /* Preview Assets.xcassets in Resources */ = {isa = PBXBuildFile; fileRef = 3245E19D262D8B9A0081766C /* Preview Assets.xcassets */; };
		3245E1A0262D8B9A0081766C /* Persistence.swift in Sources */ = {isa = PBXBuildFile; fileRef = 3245E19F262D8B9A0081766C /* Persistence.swift */; };
		3245E1A3262D8B9A0081766C /* RAG_iOS.xcdatamodeld in Sources */ = {isa = PBXBuildFile; fileRef = 3245E1A1262D8B9A0081766C /* RAG_iOS.xcdatamodeld */; };
		3245E1AB262DAB840081766C /* ViewExtensions.swift in Sources */ = {isa = PBXBuildFile; fileRef = 3245E1AA262DAB840081766C /* ViewExtensions.swift */; };
		3245E1AF262DAD640081766C /* InfoViewRow.swift in Sources */ = {isa = PBXBuildFile; fileRef = 3245E1AE262DAD640081766C /* InfoViewRow.swift */; };
		32DA4DD4262EC4CC00A7AB40 /* RegisterView.swift in Sources */ = {isa = PBXBuildFile; fileRef = 32DA4DD3262EC4CC00A7AB40 /* RegisterView.swift */; };
		32DA4DD7262EC56500A7AB40 /* ProfileView.swift in Sources */ = {isa = PBXBuildFile; fileRef = 32DA4DD6262EC56500A7AB40 /* ProfileView.swift */; };
		32DA4DDA262ECA7900A7AB40 /* FinishView.swift in Sources */ = {isa = PBXBuildFile; fileRef = 32DA4DD9262ECA7900A7AB40 /* FinishView.swift */; };
		32DA4DDD262ECEC300A7AB40 /* TrackingView.swift in Sources */ = {isa = PBXBuildFile; fileRef = 32DA4DDC262ECEC300A7AB40 /* TrackingView.swift */; };
		32DA4DE0262ED6BE00A7AB40 /* Fonts in Resources */ = {isa = PBXBuildFile; fileRef = 32DA4DDF262ED6BE00A7AB40 /* Fonts */; };
		32DA4DE3262EF66D00A7AB40 /* TrackViewData.swift in Sources */ = {isa = PBXBuildFile; fileRef = 32DA4DE2262EF66D00A7AB40 /* TrackViewData.swift */; };
		32DA4DE6262EF6CF00A7AB40 /* UserProfileData.swift in Sources */ = {isa = PBXBuildFile; fileRef = 32DA4DE5262EF6CF00A7AB40 /* UserProfileData.swift */; };
		32F134EC263022B20004ED0C /* RunningServiceLocationManagerExtension.swift in Sources */ = {isa = PBXBuildFile; fileRef = 32F134EB263022B20004ED0C /* RunningServiceLocationManagerExtension.swift */; };
		A44564D8262E1B730017152E /* RunningService.swift in Sources */ = {isa = PBXBuildFile; fileRef = A44564D7262E1B730017152E /* RunningService.swift */; };
		A44564F5262EB0110017152E /* RequestHandlerProtocol.swift in Sources */ = {isa = PBXBuildFile; fileRef = A44564ED262EB0110017152E /* RequestHandlerProtocol.swift */; };
		A44564F6262EB0110017152E /* RequestProcessorProtocol.swift in Sources */ = {isa = PBXBuildFile; fileRef = A44564EE262EB0110017152E /* RequestProcessorProtocol.swift */; };
		A44564F7262EB0110017152E /* MediaterProtocol.swift in Sources */ = {isa = PBXBuildFile; fileRef = A44564EF262EB0110017152E /* MediaterProtocol.swift */; };
		A44564F8262EB0110017152E /* RequestPreProcessorProtocol.swift in Sources */ = {isa = PBXBuildFile; fileRef = A44564F0262EB0110017152E /* RequestPreProcessorProtocol.swift */; };
		A44564F9262EB0110017152E /* RequestPostProcessorProtocol.swift in Sources */ = {isa = PBXBuildFile; fileRef = A44564F1262EB0110017152E /* RequestPostProcessorProtocol.swift */; };
		A44564FA262EB0110017152E /* MediaterError.swift in Sources */ = {isa = PBXBuildFile; fileRef = A44564F2262EB0110017152E /* MediaterError.swift */; };
		A44564FB262EB0110017152E /* RequestProtocol.swift in Sources */ = {isa = PBXBuildFile; fileRef = A44564F3262EB0110017152E /* RequestProtocol.swift */; };
		A44564FC262EB0110017152E /* Mediater.swift in Sources */ = {isa = PBXBuildFile; fileRef = A44564F4262EB0110017152E /* Mediater.swift */; };
		A4456502262EB16D0017152E /* StartRunningCommand.swift in Sources */ = {isa = PBXBuildFile; fileRef = A4456501262EB16D0017152E /* StartRunningCommand.swift */; };
		A4456506262EB1830017152E /* StartRunningCommandHandler.swift in Sources */ = {isa = PBXBuildFile; fileRef = A4456505262EB1830017152E /* StartRunningCommandHandler.swift */; };
		A4BF46C2262DADDD00DCC327 /* open-api-client in Resources */ = {isa = PBXBuildFile; fileRef = A4BF46C1262DADDD00DCC327 /* open-api-client */; };
		E40FAD6059585AEA65EAB85E /* libPods-RAG.iOS.a in Frameworks */ = {isa = PBXBuildFile; fileRef = 9B6DA861283AF3F31B6C3F9A /* libPods-RAG.iOS.a */; };
/* End PBXBuildFile section */

/* Begin PBXFileReference section */
		3245E193262D8B970081766C /* RAG.iOS.app */ = {isa = PBXFileReference; explicitFileType = wrapper.application; includeInIndex = 0; path = RAG.iOS.app; sourceTree = BUILT_PRODUCTS_DIR; };
		3245E196262D8B970081766C /* RAG_iOSApp.swift */ = {isa = PBXFileReference; lastKnownFileType = sourcecode.swift; path = RAG_iOSApp.swift; sourceTree = "<group>"; };
		3245E198262D8B970081766C /* EventView.swift */ = {isa = PBXFileReference; lastKnownFileType = sourcecode.swift; path = EventView.swift; sourceTree = "<group>"; };
		3245E19A262D8B9A0081766C /* Assets.xcassets */ = {isa = PBXFileReference; lastKnownFileType = folder.assetcatalog; path = Assets.xcassets; sourceTree = "<group>"; };
		3245E19D262D8B9A0081766C /* Preview Assets.xcassets */ = {isa = PBXFileReference; lastKnownFileType = folder.assetcatalog; path = "Preview Assets.xcassets"; sourceTree = "<group>"; };
		3245E19F262D8B9A0081766C /* Persistence.swift */ = {isa = PBXFileReference; lastKnownFileType = sourcecode.swift; path = Persistence.swift; sourceTree = "<group>"; };
		3245E1A2262D8B9A0081766C /* RAG_iOS.xcdatamodel */ = {isa = PBXFileReference; lastKnownFileType = wrapper.xcdatamodel; path = RAG_iOS.xcdatamodel; sourceTree = "<group>"; };
		3245E1A4262D8B9A0081766C /* Info.plist */ = {isa = PBXFileReference; lastKnownFileType = text.plist.xml; path = Info.plist; sourceTree = "<group>"; };
		3245E1AA262DAB840081766C /* ViewExtensions.swift */ = {isa = PBXFileReference; lastKnownFileType = sourcecode.swift; path = ViewExtensions.swift; sourceTree = "<group>"; };
		3245E1AE262DAD640081766C /* InfoViewRow.swift */ = {isa = PBXFileReference; lastKnownFileType = sourcecode.swift; path = InfoViewRow.swift; sourceTree = "<group>"; };
		32DA4DD3262EC4CC00A7AB40 /* RegisterView.swift */ = {isa = PBXFileReference; lastKnownFileType = sourcecode.swift; path = RegisterView.swift; sourceTree = "<group>"; };
		32DA4DD6262EC56500A7AB40 /* ProfileView.swift */ = {isa = PBXFileReference; lastKnownFileType = sourcecode.swift; path = ProfileView.swift; sourceTree = "<group>"; };
		32DA4DD9262ECA7900A7AB40 /* FinishView.swift */ = {isa = PBXFileReference; lastKnownFileType = sourcecode.swift; path = FinishView.swift; sourceTree = "<group>"; };
		32DA4DDC262ECEC300A7AB40 /* TrackingView.swift */ = {isa = PBXFileReference; lastKnownFileType = sourcecode.swift; path = TrackingView.swift; sourceTree = "<group>"; };
		32DA4DDF262ED6BE00A7AB40 /* Fonts */ = {isa = PBXFileReference; lastKnownFileType = folder; path = Fonts; sourceTree = "<group>"; };
		32DA4DE2262EF66D00A7AB40 /* TrackViewData.swift */ = {isa = PBXFileReference; lastKnownFileType = sourcecode.swift; path = TrackViewData.swift; sourceTree = "<group>"; };
		32DA4DE5262EF6CF00A7AB40 /* UserProfileData.swift */ = {isa = PBXFileReference; lastKnownFileType = sourcecode.swift; path = UserProfileData.swift; sourceTree = "<group>"; };
		32F134EB263022B20004ED0C /* RunningServiceLocationManagerExtension.swift */ = {isa = PBXFileReference; lastKnownFileType = sourcecode.swift; path = RunningServiceLocationManagerExtension.swift; sourceTree = "<group>"; };
		506858EEF76F873CFF66294C /* Pods-RAG.iOS.debug.xcconfig */ = {isa = PBXFileReference; includeInIndex = 1; lastKnownFileType = text.xcconfig; name = "Pods-RAG.iOS.debug.xcconfig"; path = "Target Support Files/Pods-RAG.iOS/Pods-RAG.iOS.debug.xcconfig"; sourceTree = "<group>"; };
		9B6DA861283AF3F31B6C3F9A /* libPods-RAG.iOS.a */ = {isa = PBXFileReference; explicitFileType = archive.ar; includeInIndex = 0; path = "libPods-RAG.iOS.a"; sourceTree = BUILT_PRODUCTS_DIR; };
		A44564D7262E1B730017152E /* RunningService.swift */ = {isa = PBXFileReference; lastKnownFileType = sourcecode.swift; path = RunningService.swift; sourceTree = "<group>"; };
		A44564ED262EB0110017152E /* RequestHandlerProtocol.swift */ = {isa = PBXFileReference; fileEncoding = 4; lastKnownFileType = sourcecode.swift; path = RequestHandlerProtocol.swift; sourceTree = "<group>"; };
		A44564EE262EB0110017152E /* RequestProcessorProtocol.swift */ = {isa = PBXFileReference; fileEncoding = 4; lastKnownFileType = sourcecode.swift; path = RequestProcessorProtocol.swift; sourceTree = "<group>"; };
		A44564EF262EB0110017152E /* MediaterProtocol.swift */ = {isa = PBXFileReference; fileEncoding = 4; lastKnownFileType = sourcecode.swift; path = MediaterProtocol.swift; sourceTree = "<group>"; };
		A44564F0262EB0110017152E /* RequestPreProcessorProtocol.swift */ = {isa = PBXFileReference; fileEncoding = 4; lastKnownFileType = sourcecode.swift; path = RequestPreProcessorProtocol.swift; sourceTree = "<group>"; };
		A44564F1262EB0110017152E /* RequestPostProcessorProtocol.swift */ = {isa = PBXFileReference; fileEncoding = 4; lastKnownFileType = sourcecode.swift; path = RequestPostProcessorProtocol.swift; sourceTree = "<group>"; };
		A44564F2262EB0110017152E /* MediaterError.swift */ = {isa = PBXFileReference; fileEncoding = 4; lastKnownFileType = sourcecode.swift; path = MediaterError.swift; sourceTree = "<group>"; };
		A44564F3262EB0110017152E /* RequestProtocol.swift */ = {isa = PBXFileReference; fileEncoding = 4; lastKnownFileType = sourcecode.swift; path = RequestProtocol.swift; sourceTree = "<group>"; };
		A44564F4262EB0110017152E /* Mediater.swift */ = {isa = PBXFileReference; fileEncoding = 4; lastKnownFileType = sourcecode.swift; path = Mediater.swift; sourceTree = "<group>"; };
		A4456501262EB16D0017152E /* StartRunningCommand.swift */ = {isa = PBXFileReference; lastKnownFileType = sourcecode.swift; path = StartRunningCommand.swift; sourceTree = "<group>"; };
		A4456505262EB1830017152E /* StartRunningCommandHandler.swift */ = {isa = PBXFileReference; lastKnownFileType = sourcecode.swift; path = StartRunningCommandHandler.swift; sourceTree = "<group>"; };
		A4BF46C1262DADDD00DCC327 /* open-api-client */ = {isa = PBXFileReference; lastKnownFileType = folder; path = "open-api-client"; sourceTree = "<group>"; };
		C421E71F1D2C110469F0E243 /* Pods-RAG.iOS.release.xcconfig */ = {isa = PBXFileReference; includeInIndex = 1; lastKnownFileType = text.xcconfig; name = "Pods-RAG.iOS.release.xcconfig"; path = "Target Support Files/Pods-RAG.iOS/Pods-RAG.iOS.release.xcconfig"; sourceTree = "<group>"; };
/* End PBXFileReference section */

/* Begin PBXFrameworksBuildPhase section */
		3245E190262D8B970081766C /* Frameworks */ = {
			isa = PBXFrameworksBuildPhase;
			buildActionMask = 2147483647;
			files = (
				E40FAD6059585AEA65EAB85E /* libPods-RAG.iOS.a in Frameworks */,
			);
			runOnlyForDeploymentPostprocessing = 0;
		};
/* End PBXFrameworksBuildPhase section */

/* Begin PBXGroup section */
		2E9BFC2FC9B296CC731A298A /* Pods */ = {
			isa = PBXGroup;
			children = (
				506858EEF76F873CFF66294C /* Pods-RAG.iOS.debug.xcconfig */,
				C421E71F1D2C110469F0E243 /* Pods-RAG.iOS.release.xcconfig */,
			);
			path = Pods;
			sourceTree = "<group>";
		};
		3245E18A262D8B970081766C = {
			isa = PBXGroup;
			children = (
				A4BF46C1262DADDD00DCC327 /* open-api-client */,
				3245E195262D8B970081766C /* RAG.iOS */,
				3245E194262D8B970081766C /* Products */,
				2E9BFC2FC9B296CC731A298A /* Pods */,
				9A1C9F4528EF2F53CA86EE74 /* Frameworks */,
			);
			sourceTree = "<group>";
		};
		3245E194262D8B970081766C /* Products */ = {
			isa = PBXGroup;
			children = (
				3245E193262D8B970081766C /* RAG.iOS.app */,
			);
			name = Products;
			sourceTree = "<group>";
		};
		3245E195262D8B970081766C /* RAG.iOS */ = {
			isa = PBXGroup;
			children = (
				3245E19A262D8B9A0081766C /* Assets.xcassets */,
				32DA4DDF262ED6BE00A7AB40 /* Fonts */,
				A44564FE262EB1470017152E /* Requests */,
				A44564EC262EB0110017152E /* Mediater.Swift */,
				32F134E8262F07D50004ED0C /* Extensions */,
				32F134E9262F07DB0004ED0C /* Services */,
				A48BB5AB262DD1720096E62F /* Scenes */,
				3245E196262D8B970081766C /* RAG_iOSApp.swift */,
				3245E19F262D8B9A0081766C /* Persistence.swift */,
				3245E1A4262D8B9A0081766C /* Info.plist */,
				3245E1A1262D8B9A0081766C /* RAG_iOS.xcdatamodeld */,
				3245E19C262D8B9A0081766C /* Preview Content */,
			);
			path = RAG.iOS;
			sourceTree = "<group>";
		};
		3245E19C262D8B9A0081766C /* Preview Content */ = {
			isa = PBXGroup;
			children = (
				3245E19D262D8B9A0081766C /* Preview Assets.xcassets */,
			);
			path = "Preview Content";
			sourceTree = "<group>";
		};
		3245E1AD262DAD440081766C /* Views */ = {
			isa = PBXGroup;
			children = (
				3245E1AE262DAD640081766C /* InfoViewRow.swift */,
			);
			path = Views;
			sourceTree = "<group>";
		};
		32DA4DD2262EC4BD00A7AB40 /* Register */ = {
			isa = PBXGroup;
			children = (
				32DA4DD3262EC4CC00A7AB40 /* RegisterView.swift */,
			);
			path = Register;
			sourceTree = "<group>";
		};
		32DA4DD5262EC55A00A7AB40 /* Profile */ = {
			isa = PBXGroup;
			children = (
				32DA4DE4262EF6BB00A7AB40 /* Models */,
				32DA4DD6262EC56500A7AB40 /* ProfileView.swift */,
			);
			path = Profile;
			sourceTree = "<group>";
		};
		32DA4DD8262ECA6F00A7AB40 /* Finish */ = {
			isa = PBXGroup;
			children = (
				32DA4DD9262ECA7900A7AB40 /* FinishView.swift */,
			);
			path = Finish;
			sourceTree = "<group>";
		};
		32DA4DDB262ECEB200A7AB40 /* Tracking */ = {
			isa = PBXGroup;
			children = (
				32DA4DE1262EF65A00A7AB40 /* Models */,
				32DA4DDC262ECEC300A7AB40 /* TrackingView.swift */,
			);
			path = Tracking;
			sourceTree = "<group>";
		};
		32DA4DE1262EF65A00A7AB40 /* Models */ = {
			isa = PBXGroup;
			children = (
				32DA4DE2262EF66D00A7AB40 /* TrackViewData.swift */,
			);
			path = Models;
			sourceTree = "<group>";
		};
		32DA4DE4262EF6BB00A7AB40 /* Models */ = {
			isa = PBXGroup;
			children = (
				32DA4DE5262EF6CF00A7AB40 /* UserProfileData.swift */,
			);
			path = Models;
			sourceTree = "<group>";
		};
		32F134E8262F07D50004ED0C /* Extensions */ = {
			isa = PBXGroup;
			children = (
				3245E1AA262DAB840081766C /* ViewExtensions.swift */,
			);
			path = Extensions;
			sourceTree = "<group>";
		};
		32F134E9262F07DB0004ED0C /* Services */ = {
			isa = PBXGroup;
			children = (
				32F134EA2630229E0004ED0C /* Running */,
			);
			path = Services;
			sourceTree = "<group>";
		};
		32F134EA2630229E0004ED0C /* Running */ = {
			isa = PBXGroup;
			children = (
				A44564D7262E1B730017152E /* RunningService.swift */,
				32F134EB263022B20004ED0C /* RunningServiceLocationManagerExtension.swift */,
			);
			path = Running;
			sourceTree = "<group>";
		};
		9A1C9F4528EF2F53CA86EE74 /* Frameworks */ = {
			isa = PBXGroup;
			children = (
				9B6DA861283AF3F31B6C3F9A /* libPods-RAG.iOS.a */,
			);
			name = Frameworks;
			sourceTree = "<group>";
		};
		A44564EC262EB0110017152E /* Mediater.Swift */ = {
			isa = PBXGroup;
			children = (
				A44564ED262EB0110017152E /* RequestHandlerProtocol.swift */,
				A44564EE262EB0110017152E /* RequestProcessorProtocol.swift */,
				A44564EF262EB0110017152E /* MediaterProtocol.swift */,
				A44564F0262EB0110017152E /* RequestPreProcessorProtocol.swift */,
				A44564F1262EB0110017152E /* RequestPostProcessorProtocol.swift */,
				A44564F2262EB0110017152E /* MediaterError.swift */,
				A44564F3262EB0110017152E /* RequestProtocol.swift */,
				A44564F4262EB0110017152E /* Mediater.swift */,
			);
			path = Mediater.Swift;
			sourceTree = "<group>";
		};
		A44564FE262EB1470017152E /* Requests */ = {
			isa = PBXGroup;
			children = (
				A44564FF262EB1540017152E /* Running */,
			);
			path = Requests;
			sourceTree = "<group>";
		};
		A44564FF262EB1540017152E /* Running */ = {
			isa = PBXGroup;
			children = (
				A4456500262EB1590017152E /* StartRunningCommand */,
			);
			path = Running;
			sourceTree = "<group>";
		};
		A4456500262EB1590017152E /* StartRunningCommand */ = {
			isa = PBXGroup;
			children = (
				A4456501262EB16D0017152E /* StartRunningCommand.swift */,
				A4456505262EB1830017152E /* StartRunningCommandHandler.swift */,
			);
			path = StartRunningCommand;
			sourceTree = "<group>";
		};
		A48BB5AB262DD1720096E62F /* Scenes */ = {
			isa = PBXGroup;
			children = (
				A48BB5AE262DD2450096E62F /* Event */,
				32DA4DD2262EC4BD00A7AB40 /* Register */,
				32DA4DD5262EC55A00A7AB40 /* Profile */,
				32DA4DDB262ECEB200A7AB40 /* Tracking */,
				32DA4DD8262ECA6F00A7AB40 /* Finish */,
			);
			path = Scenes;
			sourceTree = "<group>";
		};
		A48BB5AE262DD2450096E62F /* Event */ = {
			isa = PBXGroup;
			children = (
				3245E1AD262DAD440081766C /* Views */,
				3245E198262D8B970081766C /* EventView.swift */,
			);
			path = Event;
			sourceTree = "<group>";
		};
/* End PBXGroup section */

/* Begin PBXNativeTarget section */
		3245E192262D8B970081766C /* RAG.iOS */ = {
			isa = PBXNativeTarget;
			buildConfigurationList = 3245E1A7262D8B9A0081766C /* Build configuration list for PBXNativeTarget "RAG.iOS" */;
			buildPhases = (
				B85EF867B6E6BE72073C038C /* [CP] Check Pods Manifest.lock */,
				3245E18F262D8B970081766C /* Sources */,
				3245E190262D8B970081766C /* Frameworks */,
				3245E191262D8B970081766C /* Resources */,
			);
			buildRules = (
			);
			dependencies = (
			);
			name = RAG.iOS;
			productName = RAG.iOS;
			productReference = 3245E193262D8B970081766C /* RAG.iOS.app */;
			productType = "com.apple.product-type.application";
		};
/* End PBXNativeTarget section */

/* Begin PBXProject section */
		3245E18B262D8B970081766C /* Project object */ = {
			isa = PBXProject;
			attributes = {
				LastSwiftUpdateCheck = 1250;
				LastUpgradeCheck = 1250;
				TargetAttributes = {
					3245E192262D8B970081766C = {
						CreatedOnToolsVersion = 12.5;
					};
				};
			};
			buildConfigurationList = 3245E18E262D8B970081766C /* Build configuration list for PBXProject "RAG.iOS" */;
			compatibilityVersion = "Xcode 9.3";
			developmentRegion = en;
			hasScannedForEncodings = 0;
			knownRegions = (
				en,
				Base,
			);
			mainGroup = 3245E18A262D8B970081766C;
			productRefGroup = 3245E194262D8B970081766C /* Products */;
			projectDirPath = "";
			projectRoot = "";
			targets = (
				3245E192262D8B970081766C /* RAG.iOS */,
			);
		};
/* End PBXProject section */

/* Begin PBXResourcesBuildPhase section */
		3245E191262D8B970081766C /* Resources */ = {
			isa = PBXResourcesBuildPhase;
			buildActionMask = 2147483647;
			files = (
				A4BF46C2262DADDD00DCC327 /* open-api-client in Resources */,
				3245E19E262D8B9A0081766C /* Preview Assets.xcassets in Resources */,
				3245E19B262D8B9A0081766C /* Assets.xcassets in Resources */,
				32DA4DE0262ED6BE00A7AB40 /* Fonts in Resources */,
			);
			runOnlyForDeploymentPostprocessing = 0;
		};
/* End PBXResourcesBuildPhase section */

/* Begin PBXShellScriptBuildPhase section */
		B85EF867B6E6BE72073C038C /* [CP] Check Pods Manifest.lock */ = {
			isa = PBXShellScriptBuildPhase;
			buildActionMask = 2147483647;
			files = (
			);
			inputFileListPaths = (
			);
			inputPaths = (
				"${PODS_PODFILE_DIR_PATH}/Podfile.lock",
				"${PODS_ROOT}/Manifest.lock",
			);
			name = "[CP] Check Pods Manifest.lock";
			outputFileListPaths = (
			);
			outputPaths = (
				"$(DERIVED_FILE_DIR)/Pods-RAG.iOS-checkManifestLockResult.txt",
			);
			runOnlyForDeploymentPostprocessing = 0;
			shellPath = /bin/sh;
			shellScript = "diff \"${PODS_PODFILE_DIR_PATH}/Podfile.lock\" \"${PODS_ROOT}/Manifest.lock\" > /dev/null\nif [ $? != 0 ] ; then\n    # print error to STDERR\n    echo \"error: The sandbox is not in sync with the Podfile.lock. Run 'pod install' or update your CocoaPods installation.\" >&2\n    exit 1\nfi\n# This output is used by Xcode 'outputs' to avoid re-running this script phase.\necho \"SUCCESS\" > \"${SCRIPT_OUTPUT_FILE_0}\"\n";
			showEnvVarsInLog = 0;
		};
/* End PBXShellScriptBuildPhase section */

/* Begin PBXSourcesBuildPhase section */
		3245E18F262D8B970081766C /* Sources */ = {
			isa = PBXSourcesBuildPhase;
			buildActionMask = 2147483647;
			files = (
				A44564F7262EB0110017152E /* MediaterProtocol.swift in Sources */,
				A44564F9262EB0110017152E /* RequestPostProcessorProtocol.swift in Sources */,
				32F134EC263022B20004ED0C /* RunningServiceLocationManagerExtension.swift in Sources */,
				32DA4DE6262EF6CF00A7AB40 /* UserProfileData.swift in Sources */,
				A44564F6262EB0110017152E /* RequestProcessorProtocol.swift in Sources */,
				32DA4DDD262ECEC300A7AB40 /* TrackingView.swift in Sources */,
				3245E1A3262D8B9A0081766C /* RAG_iOS.xcdatamodeld in Sources */,
				A4456506262EB1830017152E /* StartRunningCommandHandler.swift in Sources */,
				A44564FC262EB0110017152E /* Mediater.swift in Sources */,
				32DA4DE3262EF66D00A7AB40 /* TrackViewData.swift in Sources */,
				3245E1A0262D8B9A0081766C /* Persistence.swift in Sources */,
				3245E199262D8B970081766C /* EventView.swift in Sources */,
				32DA4DD4262EC4CC00A7AB40 /* RegisterView.swift in Sources */,
				A44564F5262EB0110017152E /* RequestHandlerProtocol.swift in Sources */,
				A44564FA262EB0110017152E /* MediaterError.swift in Sources */,
				A44564F8262EB0110017152E /* RequestPreProcessorProtocol.swift in Sources */,
				32DA4DD7262EC56500A7AB40 /* ProfileView.swift in Sources */,
				A44564FB262EB0110017152E /* RequestProtocol.swift in Sources */,
				32DA4DDA262ECA7900A7AB40 /* FinishView.swift in Sources */,
				A44564D8262E1B730017152E /* RunningService.swift in Sources */,
				3245E1AB262DAB840081766C /* ViewExtensions.swift in Sources */,
				3245E197262D8B970081766C /* RAG_iOSApp.swift in Sources */,
				3245E1AF262DAD640081766C /* InfoViewRow.swift in Sources */,
				A4456502262EB16D0017152E /* StartRunningCommand.swift in Sources */,
			);
			runOnlyForDeploymentPostprocessing = 0;
		};
/* End PBXSourcesBuildPhase section */

/* Begin XCBuildConfiguration section */
		3245E1A5262D8B9A0081766C /* Debug */ = {
			isa = XCBuildConfiguration;
			buildSettings = {
				ALWAYS_SEARCH_USER_PATHS = NO;
				CLANG_ANALYZER_NONNULL = YES;
				CLANG_ANALYZER_NUMBER_OBJECT_CONVERSION = YES_AGGRESSIVE;
				CLANG_CXX_LANGUAGE_STANDARD = "gnu++14";
				CLANG_CXX_LIBRARY = "libc++";
				CLANG_ENABLE_MODULES = YES;
				CLANG_ENABLE_OBJC_ARC = YES;
				CLANG_ENABLE_OBJC_WEAK = YES;
				CLANG_WARN_BLOCK_CAPTURE_AUTORELEASING = YES;
				CLANG_WARN_BOOL_CONVERSION = YES;
				CLANG_WARN_COMMA = YES;
				CLANG_WARN_CONSTANT_CONVERSION = YES;
				CLANG_WARN_DEPRECATED_OBJC_IMPLEMENTATIONS = YES;
				CLANG_WARN_DIRECT_OBJC_ISA_USAGE = YES_ERROR;
				CLANG_WARN_DOCUMENTATION_COMMENTS = YES;
				CLANG_WARN_EMPTY_BODY = YES;
				CLANG_WARN_ENUM_CONVERSION = YES;
				CLANG_WARN_INFINITE_RECURSION = YES;
				CLANG_WARN_INT_CONVERSION = YES;
				CLANG_WARN_NON_LITERAL_NULL_CONVERSION = YES;
				CLANG_WARN_OBJC_IMPLICIT_RETAIN_SELF = YES;
				CLANG_WARN_OBJC_LITERAL_CONVERSION = YES;
				CLANG_WARN_OBJC_ROOT_CLASS = YES_ERROR;
				CLANG_WARN_QUOTED_INCLUDE_IN_FRAMEWORK_HEADER = YES;
				CLANG_WARN_RANGE_LOOP_ANALYSIS = YES;
				CLANG_WARN_STRICT_PROTOTYPES = YES;
				CLANG_WARN_SUSPICIOUS_MOVE = YES;
				CLANG_WARN_UNGUARDED_AVAILABILITY = YES_AGGRESSIVE;
				CLANG_WARN_UNREACHABLE_CODE = YES;
				CLANG_WARN__DUPLICATE_METHOD_MATCH = YES;
				COPY_PHASE_STRIP = NO;
				DEBUG_INFORMATION_FORMAT = dwarf;
				ENABLE_STRICT_OBJC_MSGSEND = YES;
				ENABLE_TESTABILITY = YES;
				GCC_C_LANGUAGE_STANDARD = gnu11;
				GCC_DYNAMIC_NO_PIC = NO;
				GCC_NO_COMMON_BLOCKS = YES;
				GCC_OPTIMIZATION_LEVEL = 0;
				GCC_PREPROCESSOR_DEFINITIONS = (
					"DEBUG=1",
					"$(inherited)",
				);
				GCC_WARN_64_TO_32_BIT_CONVERSION = YES;
				GCC_WARN_ABOUT_RETURN_TYPE = YES_ERROR;
				GCC_WARN_UNDECLARED_SELECTOR = YES;
				GCC_WARN_UNINITIALIZED_AUTOS = YES_AGGRESSIVE;
				GCC_WARN_UNUSED_FUNCTION = YES;
				GCC_WARN_UNUSED_VARIABLE = YES;
				IPHONEOS_DEPLOYMENT_TARGET = 14.5;
				MTL_ENABLE_DEBUG_INFO = INCLUDE_SOURCE;
				MTL_FAST_MATH = YES;
				ONLY_ACTIVE_ARCH = YES;
				SDKROOT = iphoneos;
				SWIFT_ACTIVE_COMPILATION_CONDITIONS = DEBUG;
				SWIFT_OPTIMIZATION_LEVEL = "-Onone";
			};
			name = Debug;
		};
		3245E1A6262D8B9A0081766C /* Release */ = {
			isa = XCBuildConfiguration;
			buildSettings = {
				ALWAYS_SEARCH_USER_PATHS = NO;
				CLANG_ANALYZER_NONNULL = YES;
				CLANG_ANALYZER_NUMBER_OBJECT_CONVERSION = YES_AGGRESSIVE;
				CLANG_CXX_LANGUAGE_STANDARD = "gnu++14";
				CLANG_CXX_LIBRARY = "libc++";
				CLANG_ENABLE_MODULES = YES;
				CLANG_ENABLE_OBJC_ARC = YES;
				CLANG_ENABLE_OBJC_WEAK = YES;
				CLANG_WARN_BLOCK_CAPTURE_AUTORELEASING = YES;
				CLANG_WARN_BOOL_CONVERSION = YES;
				CLANG_WARN_COMMA = YES;
				CLANG_WARN_CONSTANT_CONVERSION = YES;
				CLANG_WARN_DEPRECATED_OBJC_IMPLEMENTATIONS = YES;
				CLANG_WARN_DIRECT_OBJC_ISA_USAGE = YES_ERROR;
				CLANG_WARN_DOCUMENTATION_COMMENTS = YES;
				CLANG_WARN_EMPTY_BODY = YES;
				CLANG_WARN_ENUM_CONVERSION = YES;
				CLANG_WARN_INFINITE_RECURSION = YES;
				CLANG_WARN_INT_CONVERSION = YES;
				CLANG_WARN_NON_LITERAL_NULL_CONVERSION = YES;
				CLANG_WARN_OBJC_IMPLICIT_RETAIN_SELF = YES;
				CLANG_WARN_OBJC_LITERAL_CONVERSION = YES;
				CLANG_WARN_OBJC_ROOT_CLASS = YES_ERROR;
				CLANG_WARN_QUOTED_INCLUDE_IN_FRAMEWORK_HEADER = YES;
				CLANG_WARN_RANGE_LOOP_ANALYSIS = YES;
				CLANG_WARN_STRICT_PROTOTYPES = YES;
				CLANG_WARN_SUSPICIOUS_MOVE = YES;
				CLANG_WARN_UNGUARDED_AVAILABILITY = YES_AGGRESSIVE;
				CLANG_WARN_UNREACHABLE_CODE = YES;
				CLANG_WARN__DUPLICATE_METHOD_MATCH = YES;
				COPY_PHASE_STRIP = NO;
				DEBUG_INFORMATION_FORMAT = "dwarf-with-dsym";
				ENABLE_NS_ASSERTIONS = NO;
				ENABLE_STRICT_OBJC_MSGSEND = YES;
				GCC_C_LANGUAGE_STANDARD = gnu11;
				GCC_NO_COMMON_BLOCKS = YES;
				GCC_WARN_64_TO_32_BIT_CONVERSION = YES;
				GCC_WARN_ABOUT_RETURN_TYPE = YES_ERROR;
				GCC_WARN_UNDECLARED_SELECTOR = YES;
				GCC_WARN_UNINITIALIZED_AUTOS = YES_AGGRESSIVE;
				GCC_WARN_UNUSED_FUNCTION = YES;
				GCC_WARN_UNUSED_VARIABLE = YES;
				IPHONEOS_DEPLOYMENT_TARGET = 14.5;
				MTL_ENABLE_DEBUG_INFO = NO;
				MTL_FAST_MATH = YES;
				SDKROOT = iphoneos;
				SWIFT_COMPILATION_MODE = wholemodule;
				SWIFT_OPTIMIZATION_LEVEL = "-O";
				VALIDATE_PRODUCT = YES;
			};
			name = Release;
		};
		3245E1A8262D8B9A0081766C /* Debug */ = {
			isa = XCBuildConfiguration;
			baseConfigurationReference = 506858EEF76F873CFF66294C /* Pods-RAG.iOS.debug.xcconfig */;
			buildSettings = {
				ASSETCATALOG_COMPILER_APPICON_NAME = AppIcon;
				ASSETCATALOG_COMPILER_GLOBAL_ACCENT_COLOR_NAME = AccentColor;
				CODE_SIGN_STYLE = Automatic;
				DEVELOPMENT_ASSET_PATHS = "\"RAG.iOS/Preview Content\"";
				DEVELOPMENT_TEAM = YDSA4AY496;
				ENABLE_PREVIEWS = YES;
				INFOPLIST_FILE = RAG.iOS/Info.plist;
				IPHONEOS_DEPLOYMENT_TARGET = 14.1;
				LD_RUNPATH_SEARCH_PATHS = (
					"$(inherited)",
					"@executable_path/Frameworks",
				);
				PRODUCT_BUNDLE_IDENTIFIER = "com.givt.iosnativedev.RAG-iOS";
				PRODUCT_NAME = "$(TARGET_NAME)";
				SWIFT_VERSION = 5.0;
				TARGETED_DEVICE_FAMILY = 1;
			};
			name = Debug;
		};
		3245E1A9262D8B9A0081766C /* Release */ = {
			isa = XCBuildConfiguration;
			baseConfigurationReference = C421E71F1D2C110469F0E243 /* Pods-RAG.iOS.release.xcconfig */;
			buildSettings = {
				ASSETCATALOG_COMPILER_APPICON_NAME = AppIcon;
				ASSETCATALOG_COMPILER_GLOBAL_ACCENT_COLOR_NAME = AccentColor;
				CODE_SIGN_STYLE = Automatic;
				DEVELOPMENT_ASSET_PATHS = "\"RAG.iOS/Preview Content\"";
				DEVELOPMENT_TEAM = YDSA4AY496;
				ENABLE_PREVIEWS = YES;
				INFOPLIST_FILE = RAG.iOS/Info.plist;
				IPHONEOS_DEPLOYMENT_TARGET = 14.1;
				LD_RUNPATH_SEARCH_PATHS = (
					"$(inherited)",
					"@executable_path/Frameworks",
				);
				PRODUCT_BUNDLE_IDENTIFIER = "com.givt.iosnativedev.RAG-iOS";
				PRODUCT_NAME = "$(TARGET_NAME)";
				SWIFT_VERSION = 5.0;
				TARGETED_DEVICE_FAMILY = 1;
			};
			name = Release;
		};
/* End XCBuildConfiguration section */

/* Begin XCConfigurationList section */
		3245E18E262D8B970081766C /* Build configuration list for PBXProject "RAG.iOS" */ = {
			isa = XCConfigurationList;
			buildConfigurations = (
				3245E1A5262D8B9A0081766C /* Debug */,
				3245E1A6262D8B9A0081766C /* Release */,
			);
			defaultConfigurationIsVisible = 0;
			defaultConfigurationName = Release;
		};
		3245E1A7262D8B9A0081766C /* Build configuration list for PBXNativeTarget "RAG.iOS" */ = {
			isa = XCConfigurationList;
			buildConfigurations = (
				3245E1A8262D8B9A0081766C /* Debug */,
				3245E1A9262D8B9A0081766C /* Release */,
			);
			defaultConfigurationIsVisible = 0;
			defaultConfigurationName = Release;
		};
/* End XCConfigurationList section */

/* Begin XCVersionGroup section */
		3245E1A1262D8B9A0081766C /* RAG_iOS.xcdatamodeld */ = {
			isa = XCVersionGroup;
			children = (
				3245E1A2262D8B9A0081766C /* RAG_iOS.xcdatamodel */,
			);
			currentVersion = 3245E1A2262D8B9A0081766C /* RAG_iOS.xcdatamodel */;
			path = RAG_iOS.xcdatamodeld;
			sourceTree = "<group>";
			versionGroupType = wrapper.xcdatamodel;
		};
/* End XCVersionGroup section */
	};
	rootObject = 3245E18B262D8B970081766C /* Project object */;
}
